
Microsoft Visual Studio Solution File, Format Version 12.00
# Visual Studio 14
VisualStudioVersion = 14.0.25420.1
MinimumVisualStudioVersion = 10.0.40219.1
Project("{FAE04EC0-301F-11D3-BF4B-00C04F79EFBC}") = "umbraco", "umbraco\umbraco.csproj", "{B1F34257-81E3-4053-B22C-B1D0BA976763}"
EndProject
Global
	GlobalSection(SolutionConfigurationPlatforms) = preSolution
		Debug|Any CPU = Debug|Any CPU
		Release|Any CPU = Release|Any CPU
	EndGlobalSection
	GlobalSection(ProjectConfigurationPlatforms) = postSolution
		{B1F34257-81E3-4053-B22C-B1D0BA976763}.Debug|Any CPU.ActiveCfg = Debug|Any CPU
		{B1F34257-81E3-4053-B22C-B1D0BA976763}.Debug|Any CPU.Build.0 = Debug|Any CPU
		{B1F34257-81E3-4053-B22C-B1D0BA976763}.Release|Any CPU.ActiveCfg = Release|Any CPU
		{B1F34257-81E3-4053-B22C-B1D0BA976763}.Release|Any CPU.Build.0 = Release|Any CPU
	EndGlobalSection
	GlobalSection(SolutionProperties) = preSolution
		HideSolutionNode = FALSE
	EndGlobalSection
EndGlobal
